
Microsoft Visual Studio Solution File, Format Version 12.00
# Visual Studio Version 17
VisualStudioVersion = 17.4.33205.214
MinimumVisualStudioVersion = 10.0.40219.1
Project("{FAE04EC0-301F-11D3-BF4B-00C04F79EFBC}") = "QPizza.API", "QPizza.API\QPizza.API.csproj", "{DAE1EE18-DE3D-423C-BC91-9B8028AAD985}"
EndProject
Project("{FAE04EC0-301F-11D3-BF4B-00C04F79EFBC}") = "QPizza.Contracts", "QPizza.Contracts\QPizza.Contracts.csproj", "{04BA981F-CEA1-47DD-BB6F-5F5DE5958ACB}"
EndProject
Project("{FAE04EC0-301F-11D3-BF4B-00C04F79EFBC}") = "QPizza.Infrastructure", "QPizza.Infrastructure\QPizza.Infrastructure.csproj", "{F2192341-FCDC-4DAE-A0F5-8CDA7C29FBD2}"
EndProject
Project("{FAE04EC0-301F-11D3-BF4B-00C04F79EFBC}") = "QPizza.Application", "QPizza.Application\QPizza.Application.csproj", "{4F0CEFCC-3FEA-45CB-A640-BB9137DD1424}"
EndProject
Project("{FAE04EC0-301F-11D3-BF4B-00C04F79EFBC}") = "QPizza.Domain", "QPizza.Domain\QPizza.Domain.csproj", "{7523DF33-F517-4ACE-95BD-3D3CD879685C}"
EndProject
Global
	GlobalSection(SolutionConfigurationPlatforms) = preSolution
		Debug|Any CPU = Debug|Any CPU
		Release|Any CPU = Release|Any CPU
	EndGlobalSection
	GlobalSection(ProjectConfigurationPlatforms) = postSolution
		{DAE1EE18-DE3D-423C-BC91-9B8028AAD985}.Debug|Any CPU.ActiveCfg = Debug|Any CPU
		{DAE1EE18-DE3D-423C-BC91-9B8028AAD985}.Debug|Any CPU.Build.0 = Debug|Any CPU
		{DAE1EE18-DE3D-423C-BC91-9B8028AAD985}.Release|Any CPU.ActiveCfg = Release|Any CPU
		{DAE1EE18-DE3D-423C-BC91-9B8028AAD985}.Release|Any CPU.Build.0 = Release|Any CPU
		{04BA981F-CEA1-47DD-BB6F-5F5DE5958ACB}.Debug|Any CPU.ActiveCfg = Debug|Any CPU
		{04BA981F-CEA1-47DD-BB6F-5F5DE5958ACB}.Debug|Any CPU.Build.0 = Debug|Any CPU
		{04BA981F-CEA1-47DD-BB6F-5F5DE5958ACB}.Release|Any CPU.ActiveCfg = Release|Any CPU
		{04BA981F-CEA1-47DD-BB6F-5F5DE5958ACB}.Release|Any CPU.Build.0 = Release|Any CPU
		{F2192341-FCDC-4DAE-A0F5-8CDA7C29FBD2}.Debug|Any CPU.ActiveCfg = Debug|Any CPU
		{F2192341-FCDC-4DAE-A0F5-8CDA7C29FBD2}.Debug|Any CPU.Build.0 = Debug|Any CPU
		{F2192341-FCDC-4DAE-A0F5-8CDA7C29FBD2}.Release|Any CPU.ActiveCfg = Release|Any CPU
		{F2192341-FCDC-4DAE-A0F5-8CDA7C29FBD2}.Release|Any CPU.Build.0 = Release|Any CPU
		{4F0CEFCC-3FEA-45CB-A640-BB9137DD1424}.Debug|Any CPU.ActiveCfg = Debug|Any CPU
		{4F0CEFCC-3FEA-45CB-A640-BB9137DD1424}.Debug|Any CPU.Build.0 = Debug|Any CPU
		{4F0CEFCC-3FEA-45CB-A640-BB9137DD1424}.Release|Any CPU.ActiveCfg = Release|Any CPU
		{4F0CEFCC-3FEA-45CB-A640-BB9137DD1424}.Release|Any CPU.Build.0 = Release|Any CPU
		{7523DF33-F517-4ACE-95BD-3D3CD879685C}.Debug|Any CPU.ActiveCfg = Debug|Any CPU
		{7523DF33-F517-4ACE-95BD-3D3CD879685C}.Debug|Any CPU.Build.0 = Debug|Any CPU
		{7523DF33-F517-4ACE-95BD-3D3CD879685C}.Release|Any CPU.ActiveCfg = Release|Any CPU
		{7523DF33-F517-4ACE-95BD-3D3CD879685C}.Release|Any CPU.Build.0 = Release|Any CPU
	EndGlobalSection
	GlobalSection(SolutionProperties) = preSolution
		HideSolutionNode = FALSE
	EndGlobalSection
	GlobalSection(ExtensibilityGlobals) = postSolution
		SolutionGuid = {329D666E-B2DE-4EA1-95C7-D5A1CF16EA81}
	EndGlobalSection
EndGlobal
